# THIS IS AN AUTOGENERATED FILE. DO NOT EDIT THIS FILE DIRECTLY.
# yarn lockfile v1


"@types/nanoid@^1.2.0":
  version "1.2.0"
  resolved "https://registry.yarnpkg.com/@types/nanoid/-/nanoid-1.2.0.tgz#c0141cfec5b4818016355389b0bd539097d872ff"
  dependencies:
    "@types/node" "*"

"@types/node@*":
  version "10.11.2"
  resolved "https://registry.yarnpkg.com/@types/node/-/node-10.11.2.tgz#59508b88ce90fe2742f7b8414c6f5db3e359570d"
